// !$*UTF8*$!
{
	archiveVersion = 1;
	classes = {
	};
	objectVersion = 56;
	objects = {

/* Begin PBXBuildFile section */
		275E6B942BB1F4340029B5D1 /* AppDelegate.swift in Sources */ = {isa = PBXBuildFile; fileRef = 275E6B932BB1F4340029B5D1 /* AppDelegate.swift */; };
		275E6B962BB1F4340029B5D1 /* SceneDelegate.swift in Sources */ = {isa = PBXBuildFile; fileRef = 275E6B952BB1F4340029B5D1 /* SceneDelegate.swift */; };
		275E6B9B2BB1F4340029B5D1 /* Main.storyboard in Resources */ = {isa = PBXBuildFile; fileRef = 275E6B992BB1F4340029B5D1 /* Main.storyboard */; };
		275E6B9D2BB1F4350029B5D1 /* Assets.xcassets in Resources */ = {isa = PBXBuildFile; fileRef = 275E6B9C2BB1F4350029B5D1 /* Assets.xcassets */; };
		275E6BA02BB1F4350029B5D1 /* LaunchScreen.storyboard in Resources */ = {isa = PBXBuildFile; fileRef = 275E6B9E2BB1F4350029B5D1 /* LaunchScreen.storyboard */; };
		276BB3632BCB919700DA386A /* NewTimeOffViewController.swift in Sources */ = {isa = PBXBuildFile; fileRef = 276BB3622BCB919700DA386A /* NewTimeOffViewController.swift */; };
		276BB3652BCBB0D600DA386A /* DateHelper.swift in Sources */ = {isa = PBXBuildFile; fileRef = 276BB3642BCBB0D600DA386A /* DateHelper.swift */; };
		276BB3692BCC8B8D00DA386A /* NotificationsTableViewController.swift in Sources */ = {isa = PBXBuildFile; fileRef = 276BB3682BCC8B8D00DA386A /* NotificationsTableViewController.swift */; };
		276BB36B2BCC8BE200DA386A /* NotificationTableViewCell.swift in Sources */ = {isa = PBXBuildFile; fileRef = 276BB36A2BCC8BE200DA386A /* NotificationTableViewCell.swift */; };
		2796642F2BC48B9800677D3E /* LoginViewController.swift in Sources */ = {isa = PBXBuildFile; fileRef = 2796642E2BC48B9800677D3E /* LoginViewController.swift */; };
		279664312BC494C300677D3E /* TabBarController.swift in Sources */ = {isa = PBXBuildFile; fileRef = 279664302BC494C300677D3E /* TabBarController.swift */; };
		279664352BC4999300677D3E /* HomeViewController.swift in Sources */ = {isa = PBXBuildFile; fileRef = 279664342BC4999300677D3E /* HomeViewController.swift */; };
		27BB69F42BC5CC640056DD2D /* ScheduleTableViewController.swift in Sources */ = {isa = PBXBuildFile; fileRef = 27BB69F32BC5CC640056DD2D /* ScheduleTableViewController.swift */; };
		27BB69F62BC5CE0C0056DD2D /* ScheduleTableViewCell.swift in Sources */ = {isa = PBXBuildFile; fileRef = 27BB69F52BC5CE0C0056DD2D /* ScheduleTableViewCell.swift */; };
		27BB6A082BC60DD20056DD2D /* Alamofire in Frameworks */ = {isa = PBXBuildFile; productRef = 27BB6A072BC60DD20056DD2D /* Alamofire */; };
		27BB6A0D2BC628CB0056DD2D /* AlamofireDynamic in Frameworks */ = {isa = PBXBuildFile; productRef = 27BB6A0C2BC628CB0056DD2D /* AlamofireDynamic */; };
		27BB6A0E2BC628CB0056DD2D /* AlamofireDynamic in Embed Frameworks */ = {isa = PBXBuildFile; productRef = 27BB6A0C2BC628CB0056DD2D /* AlamofireDynamic */; settings = {ATTRIBUTES = (CodeSignOnCopy, ); }; };
		27D750F52BC6FBDB00269D4F /* TimeClockViewController.swift in Sources */ = {isa = PBXBuildFile; fileRef = 27D750F42BC6FBDB00269D4F /* TimeClockViewController.swift */; };
		27D750F92BC7036100269D4F /* RequestsTableViewController.swift in Sources */ = {isa = PBXBuildFile; fileRef = 27D750F82BC7036100269D4F /* RequestsTableViewController.swift */; };
		27D750FB2BC7075C00269D4F /* RequestTableViewCell.swift in Sources */ = {isa = PBXBuildFile; fileRef = 27D750FA2BC7075C00269D4F /* RequestTableViewCell.swift */; };
		27F473532BB5F2EE00161923 /* APIInterface.swift in Sources */ = {isa = PBXBuildFile; fileRef = 27F473522BB5F2EE00161923 /* APIInterface.swift */; };
/* End PBXBuildFile section */

/* Begin PBXCopyFilesBuildPhase section */
		27BB6A002BC60B520056DD2D /* Embed Frameworks */ = {
			isa = PBXCopyFilesBuildPhase;
			buildActionMask = 12;
			dstPath = "";
			dstSubfolderSpec = 10;
			files = (
				27BB6A0E2BC628CB0056DD2D /* AlamofireDynamic in Embed Frameworks */,
			);
			name = "Embed Frameworks";
			runOnlyForDeploymentPostprocessing = 0;
		};
/* End PBXCopyFilesBuildPhase section */

/* Begin PBXFileReference section */
		275E6B902BB1F4340029B5D1 /* CS-470-Final-iOS.app */ = {isa = PBXFileReference; explicitFileType = wrapper.application; includeInIndex = 0; path = "CS-470-Final-iOS.app"; sourceTree = BUILT_PRODUCTS_DIR; };
		275E6B932BB1F4340029B5D1 /* AppDelegate.swift */ = {isa = PBXFileReference; lastKnownFileType = sourcecode.swift; path = AppDelegate.swift; sourceTree = "<group>"; };
		275E6B952BB1F4340029B5D1 /* SceneDelegate.swift */ = {isa = PBXFileReference; lastKnownFileType = sourcecode.swift; path = SceneDelegate.swift; sourceTree = "<group>"; };
		275E6B9A2BB1F4340029B5D1 /* Base */ = {isa = PBXFileReference; lastKnownFileType = file.storyboard; name = Base; path = Base.lproj/Main.storyboard; sourceTree = "<group>"; };
		275E6B9C2BB1F4350029B5D1 /* Assets.xcassets */ = {isa = PBXFileReference; lastKnownFileType = folder.assetcatalog; path = Assets.xcassets; sourceTree = "<group>"; };
		275E6B9F2BB1F4350029B5D1 /* Base */ = {isa = PBXFileReference; lastKnownFileType = file.storyboard; name = Base; path = Base.lproj/LaunchScreen.storyboard; sourceTree = "<group>"; };
		275E6BA12BB1F4350029B5D1 /* Info.plist */ = {isa = PBXFileReference; lastKnownFileType = text.plist.xml; path = Info.plist; sourceTree = "<group>"; };
		276BB3622BCB919700DA386A /* NewTimeOffViewController.swift */ = {isa = PBXFileReference; lastKnownFileType = sourcecode.swift; path = NewTimeOffViewController.swift; sourceTree = "<group>"; };
		276BB3642BCBB0D600DA386A /* DateHelper.swift */ = {isa = PBXFileReference; lastKnownFileType = sourcecode.swift; path = DateHelper.swift; sourceTree = "<group>"; };
		276BB3682BCC8B8D00DA386A /* NotificationsTableViewController.swift */ = {isa = PBXFileReference; lastKnownFileType = sourcecode.swift; path = NotificationsTableViewController.swift; sourceTree = "<group>"; };
		276BB36A2BCC8BE200DA386A /* NotificationTableViewCell.swift */ = {isa = PBXFileReference; lastKnownFileType = sourcecode.swift; path = NotificationTableViewCell.swift; sourceTree = "<group>"; };
		2796642E2BC48B9800677D3E /* LoginViewController.swift */ = {isa = PBXFileReference; lastKnownFileType = sourcecode.swift; path = LoginViewController.swift; sourceTree = "<group>"; };
		279664302BC494C300677D3E /* TabBarController.swift */ = {isa = PBXFileReference; lastKnownFileType = sourcecode.swift; path = TabBarController.swift; sourceTree = "<group>"; };
		279664342BC4999300677D3E /* HomeViewController.swift */ = {isa = PBXFileReference; lastKnownFileType = sourcecode.swift; path = HomeViewController.swift; sourceTree = "<group>"; };
		27BB69F32BC5CC640056DD2D /* ScheduleTableViewController.swift */ = {isa = PBXFileReference; lastKnownFileType = sourcecode.swift; path = ScheduleTableViewController.swift; sourceTree = "<group>"; };
		27BB69F52BC5CE0C0056DD2D /* ScheduleTableViewCell.swift */ = {isa = PBXFileReference; lastKnownFileType = sourcecode.swift; path = ScheduleTableViewCell.swift; sourceTree = "<group>"; };
		27D750F42BC6FBDB00269D4F /* TimeClockViewController.swift */ = {isa = PBXFileReference; lastKnownFileType = sourcecode.swift; path = TimeClockViewController.swift; sourceTree = "<group>"; };
		27D750F82BC7036100269D4F /* RequestsTableViewController.swift */ = {isa = PBXFileReference; lastKnownFileType = sourcecode.swift; path = RequestsTableViewController.swift; sourceTree = "<group>"; };
		27D750FA2BC7075C00269D4F /* RequestTableViewCell.swift */ = {isa = PBXFileReference; lastKnownFileType = sourcecode.swift; path = RequestTableViewCell.swift; sourceTree = "<group>"; };
		27F473522BB5F2EE00161923 /* APIInterface.swift */ = {isa = PBXFileReference; lastKnownFileType = sourcecode.swift; path = APIInterface.swift; sourceTree = "<group>"; };
/* End PBXFileReference section */

/* Begin PBXFrameworksBuildPhase section */
		275E6B8D2BB1F4340029B5D1 /* Frameworks */ = {
			isa = PBXFrameworksBuildPhase;
			buildActionMask = 2147483647;
			files = (
				27BB6A082BC60DD20056DD2D /* Alamofire in Frameworks */,
				27BB6A0D2BC628CB0056DD2D /* AlamofireDynamic in Frameworks */,
			);
			runOnlyForDeploymentPostprocessing = 0;
		};
/* End PBXFrameworksBuildPhase section */

/* Begin PBXGroup section */
		275E6B872BB1F4340029B5D1 = {
			isa = PBXGroup;
			children = (
				275E6B922BB1F4340029B5D1 /* CS-470-Final-iOS */,
				275E6B912BB1F4340029B5D1 /* Products */,
				27BB69FB2BC60B520056DD2D /* Frameworks */,
			);
			sourceTree = "<group>";
		};
		275E6B912BB1F4340029B5D1 /* Products */ = {
			isa = PBXGroup;
			children = (
				275E6B902BB1F4340029B5D1 /* CS-470-Final-iOS.app */,
			);
			name = Products;
			sourceTree = "<group>";
		};
		275E6B922BB1F4340029B5D1 /* CS-470-Final-iOS */ = {
			isa = PBXGroup;
			children = (
				27F473522BB5F2EE00161923 /* APIInterface.swift */,
				275E6B932BB1F4340029B5D1 /* AppDelegate.swift */,
				276BB3642BCBB0D600DA386A /* DateHelper.swift */,
				275E6B952BB1F4340029B5D1 /* SceneDelegate.swift */,
				275E6B992BB1F4340029B5D1 /* Main.storyboard */,
				276BB3662BCBB2D700DA386A /* Table View Cells */,
				276BB3672BCBB2E900DA386A /* View Controllers */,
				275E6B9C2BB1F4350029B5D1 /* Assets.xcassets */,
				275E6B9E2BB1F4350029B5D1 /* LaunchScreen.storyboard */,
				275E6BA12BB1F4350029B5D1 /* Info.plist */,
			);
			path = "CS-470-Final-iOS";
			sourceTree = "<group>";
		};
		276BB3662BCBB2D700DA386A /* Table View Cells */ = {
			isa = PBXGroup;
			children = (
				27BB69F52BC5CE0C0056DD2D /* ScheduleTableViewCell.swift */,
				27D750FA2BC7075C00269D4F /* RequestTableViewCell.swift */,
				276BB36A2BCC8BE200DA386A /* NotificationTableViewCell.swift */,
			);
			path = "Table View Cells";
			sourceTree = "<group>";
		};
		276BB3672BCBB2E900DA386A /* View Controllers */ = {
			isa = PBXGroup;
			children = (
				279664342BC4999300677D3E /* HomeViewController.swift */,
				2796642E2BC48B9800677D3E /* LoginViewController.swift */,
				276BB3622BCB919700DA386A /* NewTimeOffViewController.swift */,
				27D750F82BC7036100269D4F /* RequestsTableViewController.swift */,
				27BB69F32BC5CC640056DD2D /* ScheduleTableViewController.swift */,
				279664302BC494C300677D3E /* TabBarController.swift */,
				27D750F42BC6FBDB00269D4F /* TimeClockViewController.swift */,
				276BB3682BCC8B8D00DA386A /* NotificationsTableViewController.swift */,
			);
			path = "View Controllers";
			sourceTree = "<group>";
		};
		27BB69FB2BC60B520056DD2D /* Frameworks */ = {
			isa = PBXGroup;
			children = (
			);
			name = Frameworks;
			sourceTree = "<group>";
		};
/* End PBXGroup section */

/* Begin PBXNativeTarget section */
		275E6B8F2BB1F4340029B5D1 /* CS-470-Final-iOS */ = {
			isa = PBXNativeTarget;
			buildConfigurationList = 275E6BA42BB1F4350029B5D1 /* Build configuration list for PBXNativeTarget "CS-470-Final-iOS" */;
			buildPhases = (
				275E6B8C2BB1F4340029B5D1 /* Sources */,
				275E6B8D2BB1F4340029B5D1 /* Frameworks */,
				275E6B8E2BB1F4340029B5D1 /* Resources */,
				27BB6A002BC60B520056DD2D /* Embed Frameworks */,
			);
			buildRules = (
			);
			dependencies = (
			);
			name = "CS-470-Final-iOS";
			packageProductDependencies = (
				27BB6A072BC60DD20056DD2D /* Alamofire */,
				27BB6A0C2BC628CB0056DD2D /* AlamofireDynamic */,
			);
			productName = "CS-470-Final-iOS";
			productReference = 275E6B902BB1F4340029B5D1 /* CS-470-Final-iOS.app */;
			productType = "com.apple.product-type.application";
		};
/* End PBXNativeTarget section */

/* Begin PBXProject section */
		275E6B882BB1F4340029B5D1 /* Project object */ = {
			isa = PBXProject;
			attributes = {
				BuildIndependentTargetsInParallel = 1;
				LastSwiftUpdateCheck = 1520;
				LastUpgradeCheck = 1520;
				TargetAttributes = {
					275E6B8F2BB1F4340029B5D1 = {
						CreatedOnToolsVersion = 15.2;
					};
				};
			};
			buildConfigurationList = 275E6B8B2BB1F4340029B5D1 /* Build configuration list for PBXProject "CS-470-Final-iOS" */;
			compatibilityVersion = "Xcode 14.0";
			developmentRegion = en;
			hasScannedForEncodings = 0;
			knownRegions = (
				en,
				Base,
			);
			mainGroup = 275E6B872BB1F4340029B5D1;
			packageReferences = (
				27F4734D2BB5F2D100161923 /* XCRemoteSwiftPackageReference "Alamofire" */,
			);
			productRefGroup = 275E6B912BB1F4340029B5D1 /* Products */;
			projectDirPath = "";
			projectRoot = "";
			targets = (
				275E6B8F2BB1F4340029B5D1 /* CS-470-Final-iOS */,
			);
		};
/* End PBXProject section */

/* Begin PBXResourcesBuildPhase section */
		275E6B8E2BB1F4340029B5D1 /* Resources */ = {
			isa = PBXResourcesBuildPhase;
			buildActionMask = 2147483647;
			files = (
				275E6BA02BB1F4350029B5D1 /* LaunchScreen.storyboard in Resources */,
				275E6B9D2BB1F4350029B5D1 /* Assets.xcassets in Resources */,
				275E6B9B2BB1F4340029B5D1 /* Main.storyboard in Resources */,
			);
			runOnlyForDeploymentPostprocessing = 0;
		};
/* End PBXResourcesBuildPhase section */

/* Begin PBXSourcesBuildPhase section */
		275E6B8C2BB1F4340029B5D1 /* Sources */ = {
			isa = PBXSourcesBuildPhase;
			buildActionMask = 2147483647;
			files = (
				27BB69F42BC5CC640056DD2D /* ScheduleTableViewController.swift in Sources */,
				27F473532BB5F2EE00161923 /* APIInterface.swift in Sources */,
				27D750F92BC7036100269D4F /* RequestsTableViewController.swift in Sources */,
				27D750F52BC6FBDB00269D4F /* TimeClockViewController.swift in Sources */,
				275E6B942BB1F4340029B5D1 /* AppDelegate.swift in Sources */,
				27D750FB2BC7075C00269D4F /* RequestTableViewCell.swift in Sources */,
				276BB3692BCC8B8D00DA386A /* NotificationsTableViewController.swift in Sources */,
				279664312BC494C300677D3E /* TabBarController.swift in Sources */,
				2796642F2BC48B9800677D3E /* LoginViewController.swift in Sources */,
				276BB3652BCBB0D600DA386A /* DateHelper.swift in Sources */,
				279664352BC4999300677D3E /* HomeViewController.swift in Sources */,
				275E6B962BB1F4340029B5D1 /* SceneDelegate.swift in Sources */,
				276BB36B2BCC8BE200DA386A /* NotificationTableViewCell.swift in Sources */,
				276BB3632BCB919700DA386A /* NewTimeOffViewController.swift in Sources */,
				27BB69F62BC5CE0C0056DD2D /* ScheduleTableViewCell.swift in Sources */,
			);
			runOnlyForDeploymentPostprocessing = 0;
		};
/* End PBXSourcesBuildPhase section */

/* Begin PBXVariantGroup section */
		275E6B992BB1F4340029B5D1 /* Main.storyboard */ = {
			isa = PBXVariantGroup;
			children = (
				275E6B9A2BB1F4340029B5D1 /* Base */,
			);
			name = Main.storyboard;
			sourceTree = "<group>";
		};
		275E6B9E2BB1F4350029B5D1 /* LaunchScreen.storyboard */ = {
			isa = PBXVariantGroup;
			children = (
				275E6B9F2BB1F4350029B5D1 /* Base */,
			);
			name = LaunchScreen.storyboard;
			sourceTree = "<group>";
		};
/* End PBXVariantGroup section */

/* Begin XCBuildConfiguration section */
		275E6BA22BB1F4350029B5D1 /* Debug */ = {
			isa = XCBuildConfiguration;
			buildSettings = {
				ALWAYS_SEARCH_USER_PATHS = NO;
				ASSETCATALOG_COMPILER_GENERATE_SWIFT_ASSET_SYMBOL_EXTENSIONS = YES;
				CLANG_ANALYZER_NONNULL = YES;
				CLANG_ANALYZER_NUMBER_OBJECT_CONVERSION = YES_AGGRESSIVE;
				CLANG_CXX_LANGUAGE_STANDARD = "gnu++20";
				CLANG_ENABLE_MODULES = YES;
				CLANG_ENABLE_OBJC_ARC = YES;
				CLANG_ENABLE_OBJC_WEAK = YES;
				CLANG_WARN_BLOCK_CAPTURE_AUTORELEASING = YES;
				CLANG_WARN_BOOL_CONVERSION = YES;
				CLANG_WARN_COMMA = YES;
				CLANG_WARN_CONSTANT_CONVERSION = YES;
				CLANG_WARN_DEPRECATED_OBJC_IMPLEMENTATIONS = YES;
				CLANG_WARN_DIRECT_OBJC_ISA_USAGE = YES_ERROR;
				CLANG_WARN_DOCUMENTATION_COMMENTS = YES;
				CLANG_WARN_EMPTY_BODY = YES;
				CLANG_WARN_ENUM_CONVERSION = YES;
				CLANG_WARN_INFINITE_RECURSION = YES;
				CLANG_WARN_INT_CONVERSION = YES;
				CLANG_WARN_NON_LITERAL_NULL_CONVERSION = YES;
				CLANG_WARN_OBJC_IMPLICIT_RETAIN_SELF = YES;
				CLANG_WARN_OBJC_LITERAL_CONVERSION = YES;
				CLANG_WARN_OBJC_ROOT_CLASS = YES_ERROR;
				CLANG_WARN_QUOTED_INCLUDE_IN_FRAMEWORK_HEADER = YES;
				CLANG_WARN_RANGE_LOOP_ANALYSIS = YES;
				CLANG_WARN_STRICT_PROTOTYPES = YES;
				CLANG_WARN_SUSPICIOUS_MOVE = YES;
				CLANG_WARN_UNGUARDED_AVAILABILITY = YES_AGGRESSIVE;
				CLANG_WARN_UNREACHABLE_CODE = YES;
				CLANG_WARN__DUPLICATE_METHOD_MATCH = YES;
				COPY_PHASE_STRIP = NO;
				DEBUG_INFORMATION_FORMAT = dwarf;
				ENABLE_STRICT_OBJC_MSGSEND = YES;
				ENABLE_TESTABILITY = YES;
				ENABLE_USER_SCRIPT_SANDBOXING = YES;
				GCC_C_LANGUAGE_STANDARD = gnu17;
				GCC_DYNAMIC_NO_PIC = NO;
				GCC_NO_COMMON_BLOCKS = YES;
				GCC_OPTIMIZATION_LEVEL = 0;
				GCC_PREPROCESSOR_DEFINITIONS = (
					"DEBUG=1",
					"$(inherited)",
				);
				GCC_WARN_64_TO_32_BIT_CONVERSION = YES;
				GCC_WARN_ABOUT_RETURN_TYPE = YES_ERROR;
				GCC_WARN_UNDECLARED_SELECTOR = YES;
				GCC_WARN_UNINITIALIZED_AUTOS = YES_AGGRESSIVE;
				GCC_WARN_UNUSED_FUNCTION = YES;
				GCC_WARN_UNUSED_VARIABLE = YES;
				IPHONEOS_DEPLOYMENT_TARGET = 17.2;
				LOCALIZATION_PREFERS_STRING_CATALOGS = YES;
				MTL_ENABLE_DEBUG_INFO = INCLUDE_SOURCE;
				MTL_FAST_MATH = YES;
				ONLY_ACTIVE_ARCH = YES;
				SDKROOT = iphoneos;
				SWIFT_ACTIVE_COMPILATION_CONDITIONS = "DEBUG $(inherited)";
				SWIFT_OPTIMIZATION_LEVEL = "-Onone";
			};
			name = Debug;
		};
		275E6BA32BB1F4350029B5D1 /* Release */ = {
			isa = XCBuildConfiguration;
			buildSettings = {
				ALWAYS_SEARCH_USER_PATHS = NO;
				ASSETCATALOG_COMPILER_GENERATE_SWIFT_ASSET_SYMBOL_EXTENSIONS = YES;
				CLANG_ANALYZER_NONNULL = YES;
				CLANG_ANALYZER_NUMBER_OBJECT_CONVERSION = YES_AGGRESSIVE;
				CLANG_CXX_LANGUAGE_STANDARD = "gnu++20";
				CLANG_ENABLE_MODULES = YES;
				CLANG_ENABLE_OBJC_ARC = YES;
				CLANG_ENABLE_OBJC_WEAK = YES;
				CLANG_WARN_BLOCK_CAPTURE_AUTORELEASING = YES;
				CLANG_WARN_BOOL_CONVERSION = YES;
				CLANG_WARN_COMMA = YES;
				CLANG_WARN_CONSTANT_CONVERSION = YES;
				CLANG_WARN_DEPRECATED_OBJC_IMPLEMENTATIONS = YES;
				CLANG_WARN_DIRECT_OBJC_ISA_USAGE = YES_ERROR;
				CLANG_WARN_DOCUMENTATION_COMMENTS = YES;
				CLANG_WARN_EMPTY_BODY = YES;
				CLANG_WARN_ENUM_CONVERSION = YES;
				CLANG_WARN_INFINITE_RECURSION = YES;
				CLANG_WARN_INT_CONVERSION = YES;
				CLANG_WARN_NON_LITERAL_NULL_CONVERSION = YES;
				CLANG_WARN_OBJC_IMPLICIT_RETAIN_SELF = YES;
				CLANG_WARN_OBJC_LITERAL_CONVERSION = YES;
				CLANG_WARN_OBJC_ROOT_CLASS = YES_ERROR;
				CLANG_WARN_QUOTED_INCLUDE_IN_FRAMEWORK_HEADER = YES;
				CLANG_WARN_RANGE_LOOP_ANALYSIS = YES;
				CLANG_WARN_STRICT_PROTOTYPES = YES;
				CLANG_WARN_SUSPICIOUS_MOVE = YES;
				CLANG_WARN_UNGUARDED_AVAILABILITY = YES_AGGRESSIVE;
				CLANG_WARN_UNREACHABLE_CODE = YES;
				CLANG_WARN__DUPLICATE_METHOD_MATCH = YES;
				COPY_PHASE_STRIP = NO;
				DEBUG_INFORMATION_FORMAT = "dwarf-with-dsym";
				ENABLE_NS_ASSERTIONS = NO;
				ENABLE_STRICT_OBJC_MSGSEND = YES;
				ENABLE_USER_SCRIPT_SANDBOXING = YES;
				GCC_C_LANGUAGE_STANDARD = gnu17;
				GCC_NO_COMMON_BLOCKS = YES;
				GCC_WARN_64_TO_32_BIT_CONVERSION = YES;
				GCC_WARN_ABOUT_RETURN_TYPE = YES_ERROR;
				GCC_WARN_UNDECLARED_SELECTOR = YES;
				GCC_WARN_UNINITIALIZED_AUTOS = YES_AGGRESSIVE;
				GCC_WARN_UNUSED_FUNCTION = YES;
				GCC_WARN_UNUSED_VARIABLE = YES;
				IPHONEOS_DEPLOYMENT_TARGET = 17.2;
				LOCALIZATION_PREFERS_STRING_CATALOGS = YES;
				MTL_ENABLE_DEBUG_INFO = NO;
				MTL_FAST_MATH = YES;
				SDKROOT = iphoneos;
				SWIFT_COMPILATION_MODE = wholemodule;
				VALIDATE_PRODUCT = YES;
			};
			name = Release;
		};
		275E6BA52BB1F4350029B5D1 /* Debug */ = {
			isa = XCBuildConfiguration;
			buildSettings = {
				ASSETCATALOG_COMPILER_APPICON_NAME = AppIcon;
				ASSETCATALOG_COMPILER_GLOBAL_ACCENT_COLOR_NAME = AccentColor;
				CODE_SIGN_STYLE = Automatic;
				CURRENT_PROJECT_VERSION = 1;
				DEVELOPMENT_TEAM = XLJ928QBTB;
				FRAMEWORK_SEARCH_PATHS = "$(inherited)";
				GENERATE_INFOPLIST_FILE = YES;
				INFOPLIST_FILE = "CS-470-Final-iOS/Info.plist";
				INFOPLIST_KEY_CFBundleDisplayName = "Work Scheduler";
				INFOPLIST_KEY_NSFaceIDUsageDescription = "Face ID is required for recording punches.";
				INFOPLIST_KEY_UIApplicationSupportsIndirectInputEvents = YES;
				INFOPLIST_KEY_UILaunchStoryboardName = LaunchScreen;
				INFOPLIST_KEY_UIMainStoryboardFile = Main;
				INFOPLIST_KEY_UISupportedInterfaceOrientations = UIInterfaceOrientationPortrait;
				INFOPLIST_KEY_UISupportedInterfaceOrientations_iPad = "UIInterfaceOrientationLandscapeLeft UIInterfaceOrientationLandscapeRight UIInterfaceOrientationPortrait UIInterfaceOrientationPortraitUpsideDown";
				IPHONEOS_DEPLOYMENT_TARGET = 17.0;
				LD_RUNPATH_SEARCH_PATHS = (
					"$(inherited)",
					"@executable_path/Frameworks",
				);
				MARKETING_VERSION = 1.0;
				PRODUCT_BUNDLE_IDENTIFIER = "Kyle-Pallo.CS-470-Final-iOS";
				PRODUCT_NAME = "$(TARGET_NAME)";
				SWIFT_EMIT_LOC_STRINGS = YES;
				SWIFT_VERSION = 5.0;
				TARGETED_DEVICE_FAMILY = "1,2";
			};
			name = Debug;
		};
		275E6BA62BB1F4350029B5D1 /* Release */ = {
			isa = XCBuildConfiguration;
			buildSettings = {
				ASSETCATALOG_COMPILER_APPICON_NAME = AppIcon;
				ASSETCATALOG_COMPILER_GLOBAL_ACCENT_COLOR_NAME = AccentColor;
				CODE_SIGN_STYLE = Automatic;
				CURRENT_PROJECT_VERSION = 1;
				DEVELOPMENT_TEAM = XLJ928QBTB;
				FRAMEWORK_SEARCH_PATHS = "$(inherited)";
				GENERATE_INFOPLIST_FILE = YES;
				INFOPLIST_FILE = "CS-470-Final-iOS/Info.plist";
				INFOPLIST_KEY_CFBundleDisplayName = "Work Scheduler";
				INFOPLIST_KEY_NSFaceIDUsageDescription = "Face ID is required for recording punches.";
				INFOPLIST_KEY_UIApplicationSupportsIndirectInputEvents = YES;
				INFOPLIST_KEY_UILaunchStoryboardName = LaunchScreen;
				INFOPLIST_KEY_UIMainStoryboardFile = Main;
				INFOPLIST_KEY_UISupportedInterfaceOrientations = UIInterfaceOrientationPortrait;
				INFOPLIST_KEY_UISupportedInterfaceOrientations_iPad = "UIInterfaceOrientationLandscapeLeft UIInterfaceOrientationLandscapeRight UIInterfaceOrientationPortrait UIInterfaceOrientationPortraitUpsideDown";
				IPHONEOS_DEPLOYMENT_TARGET = 17.0;
				LD_RUNPATH_SEARCH_PATHS = (
					"$(inherited)",
					"@executable_path/Frameworks",
				);
				MARKETING_VERSION = 1.0;
				PRODUCT_BUNDLE_IDENTIFIER = "Kyle-Pallo.CS-470-Final-iOS";
				PRODUCT_NAME = "$(TARGET_NAME)";
				SWIFT_EMIT_LOC_STRINGS = YES;
				SWIFT_VERSION = 5.0;
				TARGETED_DEVICE_FAMILY = "1,2";
			};
			name = Release;
		};
/* End XCBuildConfiguration section */

/* Begin XCConfigurationList section */
		275E6B8B2BB1F4340029B5D1 /* Build configuration list for PBXProject "CS-470-Final-iOS" */ = {
			isa = XCConfigurationList;
			buildConfigurations = (
				275E6BA22BB1F4350029B5D1 /* Debug */,
				275E6BA32BB1F4350029B5D1 /* Release */,
			);
			defaultConfigurationIsVisible = 0;
			defaultConfigurationName = Release;
		};
		275E6BA42BB1F4350029B5D1 /* Build configuration list for PBXNativeTarget "CS-470-Final-iOS" */ = {
			isa = XCConfigurationList;
			buildConfigurations = (
				275E6BA52BB1F4350029B5D1 /* Debug */,
				275E6BA62BB1F4350029B5D1 /* Release */,
			);
			defaultConfigurationIsVisible = 0;
			defaultConfigurationName = Release;
		};
/* End XCConfigurationList section */

/* Begin XCRemoteSwiftPackageReference section */
		27F4734D2BB5F2D100161923 /* XCRemoteSwiftPackageReference "Alamofire" */ = {
			isa = XCRemoteSwiftPackageReference;
			repositoryURL = "https://github.com/Alamofire/Alamofire.git";
			requirement = {
				kind = upToNextMajorVersion;
				minimumVersion = 5.9.0;
			};
		};
/* End XCRemoteSwiftPackageReference section */

/* Begin XCSwiftPackageProductDependency section */
		27BB6A072BC60DD20056DD2D /* Alamofire */ = {
			isa = XCSwiftPackageProductDependency;
			package = 27F4734D2BB5F2D100161923 /* XCRemoteSwiftPackageReference "Alamofire" */;
			productName = Alamofire;
		};
		27BB6A0C2BC628CB0056DD2D /* AlamofireDynamic */ = {
			isa = XCSwiftPackageProductDependency;
			package = 27F4734D2BB5F2D100161923 /* XCRemoteSwiftPackageReference "Alamofire" */;
			productName = AlamofireDynamic;
		};
/* End XCSwiftPackageProductDependency section */
	};
	rootObject = 275E6B882BB1F4340029B5D1 /* Project object */;
}
